
Microsoft Visual Studio Solution File, Format Version 12.00
# Visual Studio Version 16
VisualStudioVersion = 16.0.29613.14
MinimumVisualStudioVersion = 10.0.40219.1
Project("{FAE04EC0-301F-11D3-BF4B-00C04F79EFBC}") = "KRnD", "Source\KRnD.csproj", "{7EBEF595-A861-4938-96A8-ED37A207716A}"
EndProject
Project("{2150E333-8FDC-42A3-9474-1A3956D46DE8}") = "Solution Items", "Solution Items", "{732FB5AF-7F5A-4F4D-A032-2E663A466750}"
	ProjectSection(SolutionItems) = preProject
		buildRelease.bat = buildRelease.bat
		ChangeLog.txt = ChangeLog.txt
		deploy.bat = deploy.bat
		jenkins.txt = jenkins.txt
		KRnD.version = KRnD.version
		readme.md = readme.md
	EndProjectSection
EndProject
Global
	GlobalSection(SolutionConfigurationPlatforms) = preSolution
		Debug|Any CPU = Debug|Any CPU
		Release|Any CPU = Release|Any CPU
	EndGlobalSection
	GlobalSection(ProjectConfigurationPlatforms) = postSolution
		{7EBEF595-A861-4938-96A8-ED37A207716A}.Debug|Any CPU.ActiveCfg = Debug|Any CPU
		{7EBEF595-A861-4938-96A8-ED37A207716A}.Debug|Any CPU.Build.0 = Debug|Any CPU
		{7EBEF595-A861-4938-96A8-ED37A207716A}.Release|Any CPU.ActiveCfg = Release|Any CPU
		{7EBEF595-A861-4938-96A8-ED37A207716A}.Release|Any CPU.Build.0 = Release|Any CPU
	EndGlobalSection
	GlobalSection(SolutionProperties) = preSolution
		HideSolutionNode = FALSE
	EndGlobalSection
	GlobalSection(ExtensibilityGlobals) = postSolution
		SolutionGuid = {2C9E90C3-E522-44F7-8E35-4EEB3978EFDB}
	EndGlobalSection
EndGlobal
